// !$*UTF8*$!
{
	archiveVersion = 1;
	classes = {
	};
	objectVersion = 46;
	objects = {

/* Begin PBXBuildFile section */
		0FF46D3019F881FC00E51218 /* main.m in Sources */ = {isa = PBXBuildFile; fileRef = 0FF46D2F19F881FC00E51218 /* main.m */; };
		0FF46D3319F881FC00E51218 /* AppDelegate.m in Sources */ = {isa = PBXBuildFile; fileRef = 0FF46D3219F881FC00E51218 /* AppDelegate.m */; };
		0FF46D3619F881FC00E51218 /* FirstViewController.m in Sources */ = {isa = PBXBuildFile; fileRef = 0FF46D3519F881FC00E51218 /* FirstViewController.m */; };
		0FF46D3919F881FC00E51218 /* SecondViewController.m in Sources */ = {isa = PBXBuildFile; fileRef = 0FF46D3819F881FC00E51218 /* SecondViewController.m */; };
		0FF46D3C19F881FC00E51218 /* Main.storyboard in Resources */ = {isa = PBXBuildFile; fileRef = 0FF46D3A19F881FC00E51218 /* Main.storyboard */; };
		0FF46D3E19F881FC00E51218 /* Images.xcassets in Resources */ = {isa = PBXBuildFile; fileRef = 0FF46D3D19F881FC00E51218 /* Images.xcassets */; };
		0FF46D4119F881FC00E51218 /* LaunchScreen.xib in Resources */ = {isa = PBXBuildFile; fileRef = 0FF46D3F19F881FC00E51218 /* LaunchScreen.xib */; };
		0FF46D4D19F881FD00E51218 /* DropDownDigitalMenusTests.m in Sources */ = {isa = PBXBuildFile; fileRef = 0FF46D4C19F881FD00E51218 /* DropDownDigitalMenusTests.m */; };
/* End PBXBuildFile section */

/* Begin PBXContainerItemProxy section */
		0FF46D4719F881FD00E51218 /* PBXContainerItemProxy */ = {
			isa = PBXContainerItemProxy;
			containerPortal = 0FF46D2219F881FB00E51218 /* Project object */;
			proxyType = 1;
			remoteGlobalIDString = 0FF46D2919F881FC00E51218;
			remoteInfo = DropDownDigitalMenus;
		};
/* End PBXContainerItemProxy section */

/* Begin PBXFileReference section */
		0FF46D2A19F881FC00E51218 /* DropDownDigitalMenus.app */ = {isa = PBXFileReference; explicitFileType = wrapper.application; includeInIndex = 0; path = DropDownDigitalMenus.app; sourceTree = BUILT_PRODUCTS_DIR; };
		0FF46D2E19F881FC00E51218 /* Info.plist */ = {isa = PBXFileReference; lastKnownFileType = text.plist.xml; path = Info.plist; sourceTree = "<group>"; };
		0FF46D2F19F881FC00E51218 /* main.m */ = {isa = PBXFileReference; lastKnownFileType = sourcecode.c.objc; path = main.m; sourceTree = "<group>"; };
		0FF46D3119F881FC00E51218 /* AppDelegate.h */ = {isa = PBXFileReference; lastKnownFileType = sourcecode.c.h; path = AppDelegate.h; sourceTree = "<group>"; };
		0FF46D3219F881FC00E51218 /* AppDelegate.m */ = {isa = PBXFileReference; lastKnownFileType = sourcecode.c.objc; path = AppDelegate.m; sourceTree = "<group>"; };
		0FF46D3419F881FC00E51218 /* FirstViewController.h */ = {isa = PBXFileReference; lastKnownFileType = sourcecode.c.h; path = FirstViewController.h; sourceTree = "<group>"; };
		0FF46D3519F881FC00E51218 /* FirstViewController.m */ = {isa = PBXFileReference; lastKnownFileType = sourcecode.c.objc; path = FirstViewController.m; sourceTree = "<group>"; };
		0FF46D3719F881FC00E51218 /* SecondViewController.h */ = {isa = PBXFileReference; lastKnownFileType = sourcecode.c.h; path = SecondViewController.h; sourceTree = "<group>"; };
		0FF46D3819F881FC00E51218 /* SecondViewController.m */ = {isa = PBXFileReference; lastKnownFileType = sourcecode.c.objc; path = SecondViewController.m; sourceTree = "<group>"; };
		0FF46D3B19F881FC00E51218 /* Base */ = {isa = PBXFileReference; lastKnownFileType = file.storyboard; name = Base; path = Base.lproj/Main.storyboard; sourceTree = "<group>"; };
		0FF46D3D19F881FC00E51218 /* Images.xcassets */ = {isa = PBXFileReference; lastKnownFileType = folder.assetcatalog; path = Images.xcassets; sourceTree = "<group>"; };
		0FF46D4019F881FC00E51218 /* Base */ = {isa = PBXFileReference; lastKnownFileType = file.xib; name = Base; path = Base.lproj/LaunchScreen.xib; sourceTree = "<group>"; };
		0FF46D4619F881FD00E51218 /* DropDownDigitalMenusTests.xctest */ = {isa = PBXFileReference; explicitFileType = wrapper.cfbundle; includeInIndex = 0; path = DropDownDigitalMenusTests.xctest; sourceTree = BUILT_PRODUCTS_DIR; };
		0FF46D4B19F881FD00E51218 /* Info.plist */ = {isa = PBXFileReference; lastKnownFileType = text.plist.xml; path = Info.plist; sourceTree = "<group>"; };
		0FF46D4C19F881FD00E51218 /* DropDownDigitalMenusTests.m */ = {isa = PBXFileReference; lastKnownFileType = sourcecode.c.objc; path = DropDownDigitalMenusTests.m; sourceTree = "<group>"; };
/* End PBXFileReference section */

/* Begin PBXFrameworksBuildPhase section */
		0FF46D2719F881FC00E51218 /* Frameworks */ = {
			isa = PBXFrameworksBuildPhase;
			buildActionMask = 2147483647;
			files = (
			);
			runOnlyForDeploymentPostprocessing = 0;
		};
		0FF46D4319F881FD00E51218 /* Frameworks */ = {
			isa = PBXFrameworksBuildPhase;
			buildActionMask = 2147483647;
			files = (
			);
			runOnlyForDeploymentPostprocessing = 0;
		};
/* End PBXFrameworksBuildPhase section */

/* Begin PBXGroup section */
		0FF46D2119F881FA00E51218 = {
			isa = PBXGroup;
			children = (
				0FF46D2C19F881FC00E51218 /* DropDownDigitalMenus */,
				0FF46D4919F881FD00E51218 /* DropDownDigitalMenusTests */,
				0FF46D2B19F881FC00E51218 /* Products */,
			);
			sourceTree = "<group>";
		};
		0FF46D2B19F881FC00E51218 /* Products */ = {
			isa = PBXGroup;
			children = (
				0FF46D2A19F881FC00E51218 /* DropDownDigitalMenus.app */,
				0FF46D4619F881FD00E51218 /* DropDownDigitalMenusTests.xctest */,
			);
			name = Products;
			sourceTree = "<group>";
		};
		0FF46D2C19F881FC00E51218 /* DropDownDigitalMenus */ = {
			isa = PBXGroup;
			children = (
				0FF46D3119F881FC00E51218 /* AppDelegate.h */,
				0FF46D3219F881FC00E51218 /* AppDelegate.m */,
				0FF46D3419F881FC00E51218 /* FirstViewController.h */,
				0FF46D3519F881FC00E51218 /* FirstViewController.m */,
				0FF46D3719F881FC00E51218 /* SecondViewController.h */,
				0FF46D3819F881FC00E51218 /* SecondViewController.m */,
				0FF46D3A19F881FC00E51218 /* Main.storyboard */,
				0FF46D3D19F881FC00E51218 /* Images.xcassets */,
				0FF46D3F19F881FC00E51218 /* LaunchScreen.xib */,
				0FF46D2D19F881FC00E51218 /* Supporting Files */,
			);
			path = DropDownDigitalMenus;
			sourceTree = "<group>";
		};
		0FF46D2D19F881FC00E51218 /* Supporting Files */ = {
			isa = PBXGroup;
			children = (
				0FF46D2E19F881FC00E51218 /* Info.plist */,
				0FF46D2F19F881FC00E51218 /* main.m */,
			);
			name = "Supporting Files";
			sourceTree = "<group>";
		};
		0FF46D4919F881FD00E51218 /* DropDownDigitalMenusTests */ = {
			isa = PBXGroup;
			children = (
				0FF46D4C19F881FD00E51218 /* DropDownDigitalMenusTests.m */,
				0FF46D4A19F881FD00E51218 /* Supporting Files */,
			);
			path = DropDownDigitalMenusTests;
			sourceTree = "<group>";
		};
		0FF46D4A19F881FD00E51218 /* Supporting Files */ = {
			isa = PBXGroup;
			children = (
				0FF46D4B19F881FD00E51218 /* Info.plist */,
			);
			name = "Supporting Files";
			sourceTree = "<group>";
		};
/* End PBXGroup section */

/* Begin PBXNativeTarget section */
		0FF46D2919F881FC00E51218 /* DropDownDigitalMenus */ = {
			isa = PBXNativeTarget;
			buildConfigurationList = 0FF46D5019F881FD00E51218 /* Build configuration list for PBXNativeTarget "DropDownDigitalMenus" */;
			buildPhases = (
				0FF46D2619F881FC00E51218 /* Sources */,
				0FF46D2719F881FC00E51218 /* Frameworks */,
				0FF46D2819F881FC00E51218 /* Resources */,
			);
			buildRules = (
			);
			dependencies = (
			);
			name = DropDownDigitalMenus;
			productName = DropDownDigitalMenus;
			productReference = 0FF46D2A19F881FC00E51218 /* DropDownDigitalMenus.app */;
			productType = "com.apple.product-type.application";
		};
		0FF46D4519F881FD00E51218 /* DropDownDigitalMenusTests */ = {
			isa = PBXNativeTarget;
			buildConfigurationList = 0FF46D5319F881FD00E51218 /* Build configuration list for PBXNativeTarget "DropDownDigitalMenusTests" */;
			buildPhases = (
				0FF46D4219F881FD00E51218 /* Sources */,
				0FF46D4319F881FD00E51218 /* Frameworks */,
				0FF46D4419F881FD00E51218 /* Resources */,
			);
			buildRules = (
			);
			dependencies = (
				0FF46D4819F881FD00E51218 /* PBXTargetDependency */,
			);
			name = DropDownDigitalMenusTests;
			productName = DropDownDigitalMenusTests;
			productReference = 0FF46D4619F881FD00E51218 /* DropDownDigitalMenusTests.xctest */;
			productType = "com.apple.product-type.bundle.unit-test";
		};
/* End PBXNativeTarget section */

/* Begin PBXProject section */
		0FF46D2219F881FB00E51218 /* Project object */ = {
			isa = PBXProject;
			attributes = {
				LastUpgradeCheck = 0600;
				ORGANIZATIONNAME = "Digital World International";
				TargetAttributes = {
					0FF46D2919F881FC00E51218 = {
						CreatedOnToolsVersion = 6.0;
					};
					0FF46D4519F881FD00E51218 = {
						CreatedOnToolsVersion = 6.0;
						TestTargetID = 0FF46D2919F881FC00E51218;
					};
				};
			};
			buildConfigurationList = 0FF46D2519F881FB00E51218 /* Build configuration list for PBXProject "DropDownDigitalMenus" */;
			compatibilityVersion = "Xcode 3.2";
			developmentRegion = English;
			hasScannedForEncodings = 0;
			knownRegions = (
				en,
				Base,
			);
			mainGroup = 0FF46D2119F881FA00E51218;
			productRefGroup = 0FF46D2B19F881FC00E51218 /* Products */;
			projectDirPath = "";
			projectRoot = "";
			targets = (
				0FF46D2919F881FC00E51218 /* DropDownDigitalMenus */,
				0FF46D4519F881FD00E51218 /* DropDownDigitalMenusTests */,
			);
		};
/* End PBXProject section */

/* Begin PBXResourcesBuildPhase section */
		0FF46D2819F881FC00E51218 /* Resources */ = {
			isa = PBXResourcesBuildPhase;
			buildActionMask = 2147483647;
			files = (
				0FF46D3C19F881FC00E51218 /* Main.storyboard in Resources */,
				0FF46D4119F881FC00E51218 /* LaunchScreen.xib in Resources */,
				0FF46D3E19F881FC00E51218 /* Images.xcassets in Resources */,
			);
			runOnlyForDeploymentPostprocessing = 0;
		};
		0FF46D4419F881FD00E51218 /* Resources */ = {
			isa = PBXResourcesBuildPhase;
			buildActionMask = 2147483647;
			files = (
			);
			runOnlyForDeploymentPostprocessing = 0;
		};
/* End PBXResourcesBuildPhase section */

/* Begin PBXSourcesBuildPhase section */
		0FF46D2619F881FC00E51218 /* Sources */ = {
			isa = PBXSourcesBuildPhase;
			buildActionMask = 2147483647;
			files = (
				0FF46D3919F881FC00E51218 /* SecondViewController.m in Sources */,
				0FF46D3319F881FC00E51218 /* AppDelegate.m in Sources */,
				0FF46D3619F881FC00E51218 /* FirstViewController.m in Sources */,
				0FF46D3019F881FC00E51218 /* main.m in Sources */,
			);
			runOnlyForDeploymentPostprocessing = 0;
		};
		0FF46D4219F881FD00E51218 /* Sources */ = {
			isa = PBXSourcesBuildPhase;
			buildActionMask = 2147483647;
			files = (
				0FF46D4D19F881FD00E51218 /* DropDownDigitalMenusTests.m in Sources */,
			);
			runOnlyForDeploymentPostprocessing = 0;
		};
/* End PBXSourcesBuildPhase section */

/* Begin PBXTargetDependency section */
		0FF46D4819F881FD00E51218 /* PBXTargetDependency */ = {
			isa = PBXTargetDependency;
			target = 0FF46D2919F881FC00E51218 /* DropDownDigitalMenus */;
			targetProxy = 0FF46D4719F881FD00E51218 /* PBXContainerItemProxy */;
		};
/* End PBXTargetDependency section */

/* Begin PBXVariantGroup section */
		0FF46D3A19F881FC00E51218 /* Main.storyboard */ = {
			isa = PBXVariantGroup;
			children = (
				0FF46D3B19F881FC00E51218 /* Base */,
			);
			name = Main.storyboard;
			sourceTree = "<group>";
		};
		0FF46D3F19F881FC00E51218 /* LaunchScreen.xib */ = {
			isa = PBXVariantGroup;
			children = (
				0FF46D4019F881FC00E51218 /* Base */,
			);
			name = LaunchScreen.xib;
			sourceTree = "<group>";
		};
/* End PBXVariantGroup section */

/* Begin XCBuildConfiguration section */
		0FF46D4E19F881FD00E51218 /* Debug */ = {
			isa = XCBuildConfiguration;
			buildSettings = {
				ALWAYS_SEARCH_USER_PATHS = NO;
				CLANG_CXX_LANGUAGE_STANDARD = "gnu++0x";
				CLANG_CXX_LIBRARY = "libc++";
				CLANG_ENABLE_MODULES = YES;
				CLANG_ENABLE_OBJC_ARC = YES;
				CLANG_WARN_BOOL_CONVERSION = YES;
				CLANG_WARN_CONSTANT_CONVERSION = YES;
				CLANG_WARN_DIRECT_OBJC_ISA_USAGE = YES_ERROR;
				CLANG_WARN_EMPTY_BODY = YES;
				CLANG_WARN_ENUM_CONVERSION = YES;
				CLANG_WARN_INT_CONVERSION = YES;
				CLANG_WARN_OBJC_ROOT_CLASS = YES_ERROR;
				CLANG_WARN_UNREACHABLE_CODE = YES;
				CLANG_WARN__DUPLICATE_METHOD_MATCH = YES;
				"CODE_SIGN_IDENTITY[sdk=iphoneos*]" = "iPhone Developer";
				COPY_PHASE_STRIP = NO;
				ENABLE_STRICT_OBJC_MSGSEND = YES;
				GCC_C_LANGUAGE_STANDARD = gnu99;
				GCC_DYNAMIC_NO_PIC = NO;
				GCC_OPTIMIZATION_LEVEL = 0;
				GCC_PREPROCESSOR_DEFINITIONS = (
					"DEBUG=1",
					"$(inherited)",
				);
				GCC_SYMBOLS_PRIVATE_EXTERN = NO;
				GCC_WARN_64_TO_32_BIT_CONVERSION = YES;
				GCC_WARN_ABOUT_RETURN_TYPE = YES_ERROR;
				GCC_WARN_UNDECLARED_SELECTOR = YES;
				GCC_WARN_UNINITIALIZED_AUTOS = YES_AGGRESSIVE;
				GCC_WARN_UNUSED_FUNCTION = YES;
				GCC_WARN_UNUSED_VARIABLE = YES;
				IPHONEOS_DEPLOYMENT_TARGET = 8.0;
				MTL_ENABLE_DEBUG_INFO = YES;
				ONLY_ACTIVE_ARCH = YES;
				SDKROOT = iphoneos;
				TARGETED_DEVICE_FAMILY = "1,2";
			};
			name = Debug;
		};
		0FF46D4F19F881FD00E51218 /* Release */ = {
			isa = XCBuildConfiguration;
			buildSettings = {
				ALWAYS_SEARCH_USER_PATHS = NO;
				CLANG_CXX_LANGUAGE_STANDARD = "gnu++0x";
				CLANG_CXX_LIBRARY = "libc++";
				CLANG_ENABLE_MODULES = YES;
				CLANG_ENABLE_OBJC_ARC = YES;
				CLANG_WARN_BOOL_CONVERSION = YES;
				CLANG_WARN_CONSTANT_CONVERSION = YES;
				CLANG_WARN_DIRECT_OBJC_ISA_USAGE = YES_ERROR;
				CLANG_WARN_EMPTY_BODY = YES;
				CLANG_WARN_ENUM_CONVERSION = YES;
				CLANG_WARN_INT_CONVERSION = YES;
				CLANG_WARN_OBJC_ROOT_CLASS = YES_ERROR;
				CLANG_WARN_UNREACHABLE_CODE = YES;
				CLANG_WARN__DUPLICATE_METHOD_MATCH = YES;
				"CODE_SIGN_IDENTITY[sdk=iphoneos*]" = "iPhone Developer";
				COPY_PHASE_STRIP = YES;
				ENABLE_NS_ASSERTIONS = NO;
				ENABLE_STRICT_OBJC_MSGSEND = YES;
				GCC_C_LANGUAGE_STANDARD = gnu99;
				GCC_WARN_64_TO_32_BIT_CONVERSION = YES;
				GCC_WARN_ABOUT_RETURN_TYPE = YES_ERROR;
				GCC_WARN_UNDECLARED_SELECTOR = YES;
				GCC_WARN_UNINITIALIZED_AUTOS = YES_AGGRESSIVE;
				GCC_WARN_UNUSED_FUNCTION = YES;
				GCC_WARN_UNUSED_VARIABLE = YES;
				IPHONEOS_DEPLOYMENT_TARGET = 8.0;
				MTL_ENABLE_DEBUG_INFO = NO;
				SDKROOT = iphoneos;
				TARGETED_DEVICE_FAMILY = "1,2";
				VALIDATE_PRODUCT = YES;
			};
			name = Release;
		};
		0FF46D5119F881FD00E51218 /* Debug */ = {
			isa = XCBuildConfiguration;
			buildSettings = {
				ASSETCATALOG_COMPILER_APPICON_NAME = AppIcon;
				INFOPLIST_FILE = DropDownDigitalMenus/Info.plist;
				LD_RUNPATH_SEARCH_PATHS = "$(inherited) @executable_path/Frameworks";
				PRODUCT_NAME = "$(TARGET_NAME)";
			};
			name = Debug;
		};
		0FF46D5219F881FD00E51218 /* Release */ = {
			isa = XCBuildConfiguration;
			buildSettings = {
				ASSETCATALOG_COMPILER_APPICON_NAME = AppIcon;
				INFOPLIST_FILE = DropDownDigitalMenus/Info.plist;
				LD_RUNPATH_SEARCH_PATHS = "$(inherited) @executable_path/Frameworks";
				PRODUCT_NAME = "$(TARGET_NAME)";
			};
			name = Release;
		};
		0FF46D5419F881FD00E51218 /* Debug */ = {
			isa = XCBuildConfiguration;
			buildSettings = {
				BUNDLE_LOADER = "$(TEST_HOST)";
				FRAMEWORK_SEARCH_PATHS = (
					"$(SDKROOT)/Developer/Library/Frameworks",
					"$(inherited)",
				);
				GCC_PREPROCESSOR_DEFINITIONS = (
					"DEBUG=1",
					"$(inherited)",
				);
				INFOPLIST_FILE = DropDownDigitalMenusTests/Info.plist;
				LD_RUNPATH_SEARCH_PATHS = "$(inherited) @executable_path/Frameworks @loader_path/Frameworks";
				PRODUCT_NAME = "$(TARGET_NAME)";
				TEST_HOST = "$(BUILT_PRODUCTS_DIR)/DropDownDigitalMenus.app/DropDownDigitalMenus";
			};
			name = Debug;
		};
		0FF46D5519F881FD00E51218 /* Release */ = {
			isa = XCBuildConfiguration;
			buildSettings = {
				BUNDLE_LOADER = "$(TEST_HOST)";
				FRAMEWORK_SEARCH_PATHS = (
					"$(SDKROOT)/Developer/Library/Frameworks",
					"$(inherited)",
				);
				INFOPLIST_FILE = DropDownDigitalMenusTests/Info.plist;
				LD_RUNPATH_SEARCH_PATHS = "$(inherited) @executable_path/Frameworks @loader_path/Frameworks";
				PRODUCT_NAME = "$(TARGET_NAME)";
				TEST_HOST = "$(BUILT_PRODUCTS_DIR)/DropDownDigitalMenus.app/DropDownDigitalMenus";
			};
			name = Release;
		};
/* End XCBuildConfiguration section */

/* Begin XCConfigurationList section */
		0FF46D2519F881FB00E51218 /* Build configuration list for PBXProject "DropDownDigitalMenus" */ = {
			isa = XCConfigurationList;
			buildConfigurations = (
				0FF46D4E19F881FD00E51218 /* Debug */,
				0FF46D4F19F881FD00E51218 /* Release */,
			);
			defaultConfigurationIsVisible = 0;
			defaultConfigurationName = Release;
		};
		0FF46D5019F881FD00E51218 /* Build configuration list for PBXNativeTarget "DropDownDigitalMenus" */ = {
			isa = XCConfigurationList;
			buildConfigurations = (
				0FF46D5119F881FD00E51218 /* Debug */,
				0FF46D5219F881FD00E51218 /* Release */,
			);
			defaultConfigurationIsVisible = 0;
		};
		0FF46D5319F881FD00E51218 /* Build configuration list for PBXNativeTarget "DropDownDigitalMenusTests" */ = {
			isa = XCConfigurationList;
			buildConfigurations = (
				0FF46D5419F881FD00E51218 /* Debug */,
				0FF46D5519F881FD00E51218 /* Release */,
			);
			defaultConfigurationIsVisible = 0;
		};
/* End XCConfigurationList section */
	};
	rootObject = 0FF46D2219F881FB00E51218 /* Project object */;
}
